
Microsoft Visual Studio Solution File, Format Version 12.00
# Visual Studio Version 16
VisualStudioVersion = 16.0.34902.97
MinimumVisualStudioVersion = 10.0.40219.1
Project("{F184B08F-C81C-45F6-A57F-5ABD9991F28F}") = "Tienda deportiva", "Tienda deportiva\Tienda deportiva.vbproj", "{5ECD8A68-F53A-4455-A436-76D3750CCC90}"
EndProject
Global
	GlobalSection(SolutionConfigurationPlatforms) = preSolution
		Debug|Any CPU = Debug|Any CPU
		Release|Any CPU = Release|Any CPU
	EndGlobalSection
	GlobalSection(ProjectConfigurationPlatforms) = postSolution
		{5ECD8A68-F53A-4455-A436-76D3750CCC90}.Debug|Any CPU.ActiveCfg = Debug|Any CPU
		{5ECD8A68-F53A-4455-A436-76D3750CCC90}.Debug|Any CPU.Build.0 = Debug|Any CPU
		{5ECD8A68-F53A-4455-A436-76D3750CCC90}.Release|Any CPU.ActiveCfg = Release|Any CPU
		{5ECD8A68-F53A-4455-A436-76D3750CCC90}.Release|Any CPU.Build.0 = Release|Any CPU
	EndGlobalSection
	GlobalSection(SolutionProperties) = preSolution
		HideSolutionNode = FALSE
	EndGlobalSection
	GlobalSection(ExtensibilityGlobals) = postSolution
		SolutionGuid = {C0D803D3-91BD-4D6B-BB80-211DD57DBF7E}
	EndGlobalSection
EndGlobal
